
Microsoft Visual Studio Solution File, Format Version 12.00
# Visual Studio 2012
Project("{FAE04EC0-301F-11D3-BF4B-00C04F79EFBC}") = "onVisit.VCardReader", "onVisit.VCardReader\onVisit.VCardReader.csproj", "{EE4C1B5E-1DF2-493D-93B0-ACC49C527F60}"
EndProject
Global
	GlobalSection(SolutionConfigurationPlatforms) = preSolution
		Debug|Any CPU = Debug|Any CPU
		Release|Any CPU = Release|Any CPU
	EndGlobalSection
	GlobalSection(ProjectConfigurationPlatforms) = postSolution
		{EE4C1B5E-1DF2-493D-93B0-ACC49C527F60}.Debug|Any CPU.ActiveCfg = Debug|Any CPU
		{EE4C1B5E-1DF2-493D-93B0-ACC49C527F60}.Debug|Any CPU.Build.0 = Debug|Any CPU
		{EE4C1B5E-1DF2-493D-93B0-ACC49C527F60}.Release|Any CPU.ActiveCfg = Release|Any CPU
		{EE4C1B5E-1DF2-493D-93B0-ACC49C527F60}.Release|Any CPU.Build.0 = Release|Any CPU
	EndGlobalSection
	GlobalSection(SolutionProperties) = preSolution
		HideSolutionNode = FALSE
	EndGlobalSection
EndGlobal
